{
  "name": "te",
  "version": "1.0.0",
  "lockfileVersion": 1,
  "requires": true,
  "dependencies": {
    "dark-fns": {
      "version": "1.0.0",
      "resolved": "https://registry.npm.taobao.org/dark-fns/download/dark-fns-1.0.0.tgz",
      "integrity": "sha1-xfgrsom++C3IiFECbVqy2JGTufc="
    }
  }
}
